
Microsoft Visual Studio Solution File, Format Version 12.00
# Visual Studio Version 16
VisualStudioVersion = 16.0.30406.217
MinimumVisualStudioVersion = 10.0.40219.1
Project("{FAE04EC0-301F-11D3-BF4B-00C04F79EFBC}") = "Paint", "Paint.csproj", "{ED9E3161-A3B1-4DF1-8FEA-D688F6E07EAE}"
EndProject
Global
	GlobalSection(SolutionConfigurationPlatforms) = preSolution
		Debug|Any CPU = Debug|Any CPU
		Release|Any CPU = Release|Any CPU
	EndGlobalSection
	GlobalSection(ProjectConfigurationPlatforms) = postSolution
		{ED9E3161-A3B1-4DF1-8FEA-D688F6E07EAE}.Debug|Any CPU.ActiveCfg = Debug|Any CPU
		{ED9E3161-A3B1-4DF1-8FEA-D688F6E07EAE}.Debug|Any CPU.Build.0 = Debug|Any CPU
		{ED9E3161-A3B1-4DF1-8FEA-D688F6E07EAE}.Release|Any CPU.ActiveCfg = Release|Any CPU
		{ED9E3161-A3B1-4DF1-8FEA-D688F6E07EAE}.Release|Any CPU.Build.0 = Release|Any CPU
	EndGlobalSection
	GlobalSection(SolutionProperties) = preSolution
		HideSolutionNode = FALSE
	EndGlobalSection
	GlobalSection(ExtensibilityGlobals) = postSolution
		SolutionGuid = {24254AA5-5C26-4C4C-8AB3-55F23D64413E}
	EndGlobalSection
EndGlobal
